
Microsoft Visual Studio Solution File, Format Version 12.00
Project("{FAE04EC0-301F-11D3-BF4B-00C04F79EFBC}") = "akeyless-pam", "akeyless-pam\akeyless-pam.csproj", "{6DEC0EF0-9D07-44CF-868C-82764C83D285}"
EndProject
Project("{2150E333-8FDC-42A3-9474-1A3956D46DE8}") = "tests", "tests", "{0AB3BF05-4346-4AA6-1389-037BE0695223}"
EndProject
Project("{FAE04EC0-301F-11D3-BF4B-00C04F79EFBC}") = "AkeylessPam.Unit.Tests", "tests\AkeylessPam.Unit.Tests\AkeylessPam.Unit.Tests.csproj", "{5A2FD372-A499-40F7-8448-1955FC09F591}"
EndProject
Project("{FAE04EC0-301F-11D3-BF4B-00C04F79EFBC}") = "AkeylessPam.Integration.Tests", "tests\AkeylessPam.Integration.Tests\AkeylessPam.Integration.Tests.csproj", "{D3F87543-EB4C-4242-8668-255D04A2113D}"
EndProject
Global
	GlobalSection(SolutionConfigurationPlatforms) = preSolution
		Debug|Any CPU = Debug|Any CPU
		Debug|x64 = Debug|x64
		Debug|x86 = Debug|x86
		Release|Any CPU = Release|Any CPU
		Release|x64 = Release|x64
		Release|x86 = Release|x86
	EndGlobalSection
	GlobalSection(ProjectConfigurationPlatforms) = postSolution
		{6DEC0EF0-9D07-44CF-868C-82764C83D285}.Debug|Any CPU.ActiveCfg = Debug|Any CPU
		{6DEC0EF0-9D07-44CF-868C-82764C83D285}.Debug|Any CPU.Build.0 = Debug|Any CPU
		{6DEC0EF0-9D07-44CF-868C-82764C83D285}.Debug|Any CPU.Deploy.0 = Debug|Any CPU
		{6DEC0EF0-9D07-44CF-868C-82764C83D285}.Debug|x64.ActiveCfg = Debug|Any CPU
		{6DEC0EF0-9D07-44CF-868C-82764C83D285}.Debug|x64.Build.0 = Debug|Any CPU
		{6DEC0EF0-9D07-44CF-868C-82764C83D285}.Debug|x86.ActiveCfg = Debug|Any CPU
		{6DEC0EF0-9D07-44CF-868C-82764C83D285}.Debug|x86.Build.0 = Debug|Any CPU
		{6DEC0EF0-9D07-44CF-868C-82764C83D285}.Release|Any CPU.ActiveCfg = Release|Any CPU
		{6DEC0EF0-9D07-44CF-868C-82764C83D285}.Release|Any CPU.Build.0 = Release|Any CPU
		{6DEC0EF0-9D07-44CF-868C-82764C83D285}.Release|x64.ActiveCfg = Release|Any CPU
		{6DEC0EF0-9D07-44CF-868C-82764C83D285}.Release|x64.Build.0 = Release|Any CPU
		{6DEC0EF0-9D07-44CF-868C-82764C83D285}.Release|x86.ActiveCfg = Release|Any CPU
		{6DEC0EF0-9D07-44CF-868C-82764C83D285}.Release|x86.Build.0 = Release|Any CPU
		{5A2FD372-A499-40F7-8448-1955FC09F591}.Debug|Any CPU.ActiveCfg = Debug|Any CPU
		{5A2FD372-A499-40F7-8448-1955FC09F591}.Debug|Any CPU.Build.0 = Debug|Any CPU
		{5A2FD372-A499-40F7-8448-1955FC09F591}.Debug|x64.ActiveCfg = Debug|Any CPU
		{5A2FD372-A499-40F7-8448-1955FC09F591}.Debug|x64.Build.0 = Debug|Any CPU
		{5A2FD372-A499-40F7-8448-1955FC09F591}.Debug|x86.ActiveCfg = Debug|Any CPU
		{5A2FD372-A499-40F7-8448-1955FC09F591}.Debug|x86.Build.0 = Debug|Any CPU
		{5A2FD372-A499-40F7-8448-1955FC09F591}.Release|Any CPU.ActiveCfg = Release|Any CPU
		{5A2FD372-A499-40F7-8448-1955FC09F591}.Release|Any CPU.Build.0 = Release|Any CPU
		{5A2FD372-A499-40F7-8448-1955FC09F591}.Release|x64.ActiveCfg = Release|Any CPU
		{5A2FD372-A499-40F7-8448-1955FC09F591}.Release|x64.Build.0 = Release|Any CPU
		{5A2FD372-A499-40F7-8448-1955FC09F591}.Release|x86.ActiveCfg = Release|Any CPU
		{5A2FD372-A499-40F7-8448-1955FC09F591}.Release|x86.Build.0 = Release|Any CPU
		{D3F87543-EB4C-4242-8668-255D04A2113D}.Debug|Any CPU.ActiveCfg = Debug|Any CPU
		{D3F87543-EB4C-4242-8668-255D04A2113D}.Debug|Any CPU.Build.0 = Debug|Any CPU
		{D3F87543-EB4C-4242-8668-255D04A2113D}.Debug|x64.ActiveCfg = Debug|Any CPU
		{D3F87543-EB4C-4242-8668-255D04A2113D}.Debug|x64.Build.0 = Debug|Any CPU
		{D3F87543-EB4C-4242-8668-255D04A2113D}.Debug|x86.ActiveCfg = Debug|Any CPU
		{D3F87543-EB4C-4242-8668-255D04A2113D}.Debug|x86.Build.0 = Debug|Any CPU
		{D3F87543-EB4C-4242-8668-255D04A2113D}.Release|Any CPU.ActiveCfg = Release|Any CPU
		{D3F87543-EB4C-4242-8668-255D04A2113D}.Release|Any CPU.Build.0 = Release|Any CPU
		{D3F87543-EB4C-4242-8668-255D04A2113D}.Release|x64.ActiveCfg = Release|Any CPU
		{D3F87543-EB4C-4242-8668-255D04A2113D}.Release|x64.Build.0 = Release|Any CPU
		{D3F87543-EB4C-4242-8668-255D04A2113D}.Release|x86.ActiveCfg = Release|Any CPU
		{D3F87543-EB4C-4242-8668-255D04A2113D}.Release|x86.Build.0 = Release|Any CPU
	EndGlobalSection
	GlobalSection(SolutionProperties) = preSolution
		HideSolutionNode = FALSE
	EndGlobalSection
	GlobalSection(NestedProjects) = preSolution
		{5A2FD372-A499-40F7-8448-1955FC09F591} = {0AB3BF05-4346-4AA6-1389-037BE0695223}
		{D3F87543-EB4C-4242-8668-255D04A2113D} = {0AB3BF05-4346-4AA6-1389-037BE0695223}
	EndGlobalSection
EndGlobal
